// !$*UTF8*$!
{
	archiveVersion = 1;
	classes = {
	};
	objectVersion = 46;
	objects = {

/* Begin PBXBuildFile section */
		871ACB8A1E1A6D5C00391602 /* AppDelegate.swift in Sources */ = {isa = PBXBuildFile; fileRef = 871ACB891E1A6D5C00391602 /* AppDelegate.swift */; };
		871ACB8C1E1A6D5C00391602 /* RecordSoundsViewController.swift in Sources */ = {isa = PBXBuildFile; fileRef = 871ACB8B1E1A6D5C00391602 /* RecordSoundsViewController.swift */; };
		871ACB8F1E1A6D5C00391602 /* Main.storyboard in Resources */ = {isa = PBXBuildFile; fileRef = 871ACB8D1E1A6D5C00391602 /* Main.storyboard */; };
		871ACB911E1A6D5C00391602 /* Assets.xcassets in Resources */ = {isa = PBXBuildFile; fileRef = 871ACB901E1A6D5C00391602 /* Assets.xcassets */; };
		871ACB941E1A6D5C00391602 /* LaunchScreen.storyboard in Resources */ = {isa = PBXBuildFile; fileRef = 871ACB921E1A6D5C00391602 /* LaunchScreen.storyboard */; };
		87256B8B1E2286B500CFC810 /* PlaySoundsViewController.swift in Sources */ = {isa = PBXBuildFile; fileRef = 87256B8A1E2286B500CFC810 /* PlaySoundsViewController.swift */; };
		8798C3631E2678FA00E4D7D2 /* FileListViewController.swift in Sources */ = {isa = PBXBuildFile; fileRef = 8798C3621E2678FA00E4D7D2 /* FileListViewController.swift */; };
		879B04411E23B47200B4FF33 /* playsoundsviewcontroller-audio.swift in Sources */ = {isa = PBXBuildFile; fileRef = 879B04401E23B47200B4FF33 /* playsoundsviewcontroller-audio.swift */; };
/* End PBXBuildFile section */

/* Begin PBXFileReference section */
		871ACB861E1A6D5C00391602 /* Pitch-Perfect.app */ = {isa = PBXFileReference; explicitFileType = wrapper.application; includeInIndex = 0; path = "Pitch-Perfect.app"; sourceTree = BUILT_PRODUCTS_DIR; };
		871ACB891E1A6D5C00391602 /* AppDelegate.swift */ = {isa = PBXFileReference; lastKnownFileType = sourcecode.swift; path = AppDelegate.swift; sourceTree = "<group>"; };
		871ACB8B1E1A6D5C00391602 /* RecordSoundsViewController.swift */ = {isa = PBXFileReference; lastKnownFileType = sourcecode.swift; path = RecordSoundsViewController.swift; sourceTree = "<group>"; };
		871ACB8E1E1A6D5C00391602 /* Base */ = {isa = PBXFileReference; lastKnownFileType = file.storyboard; name = Base; path = Base.lproj/Main.storyboard; sourceTree = "<group>"; };
		871ACB901E1A6D5C00391602 /* Assets.xcassets */ = {isa = PBXFileReference; lastKnownFileType = folder.assetcatalog; path = Assets.xcassets; sourceTree = "<group>"; };
		871ACB931E1A6D5C00391602 /* Base */ = {isa = PBXFileReference; lastKnownFileType = file.storyboard; name = Base; path = Base.lproj/LaunchScreen.storyboard; sourceTree = "<group>"; };
		871ACB951E1A6D5C00391602 /* Info.plist */ = {isa = PBXFileReference; lastKnownFileType = text.plist.xml; path = Info.plist; sourceTree = "<group>"; };
		87256B8A1E2286B500CFC810 /* PlaySoundsViewController.swift */ = {isa = PBXFileReference; fileEncoding = 4; lastKnownFileType = sourcecode.swift; path = PlaySoundsViewController.swift; sourceTree = "<group>"; };
		8798C3621E2678FA00E4D7D2 /* FileListViewController.swift */ = {isa = PBXFileReference; fileEncoding = 4; lastKnownFileType = sourcecode.swift; path = FileListViewController.swift; sourceTree = "<group>"; };
		879B04401E23B47200B4FF33 /* playsoundsviewcontroller-audio.swift */ = {isa = PBXFileReference; fileEncoding = 4; lastKnownFileType = sourcecode.swift; path = "playsoundsviewcontroller-audio.swift"; sourceTree = "<group>"; };
/* End PBXFileReference section */

/* Begin PBXFrameworksBuildPhase section */
		871ACB831E1A6D5C00391602 /* Frameworks */ = {
			isa = PBXFrameworksBuildPhase;
			buildActionMask = 2147483647;
			files = (
			);
			runOnlyForDeploymentPostprocessing = 0;
		};
/* End PBXFrameworksBuildPhase section */

/* Begin PBXGroup section */
		871ACB7D1E1A6D5C00391602 = {
			isa = PBXGroup;
			children = (
				871ACB881E1A6D5C00391602 /* Pitch_Perfect */,
				871ACB871E1A6D5C00391602 /* Products */,
			);
			sourceTree = "<group>";
		};
		871ACB871E1A6D5C00391602 /* Products */ = {
			isa = PBXGroup;
			children = (
				871ACB861E1A6D5C00391602 /* Pitch-Perfect.app */,
			);
			name = Products;
			sourceTree = "<group>";
		};
		871ACB881E1A6D5C00391602 /* Pitch_Perfect */ = {
			isa = PBXGroup;
			children = (
				871ACB891E1A6D5C00391602 /* AppDelegate.swift */,
				871ACB8B1E1A6D5C00391602 /* RecordSoundsViewController.swift */,
				871ACB8D1E1A6D5C00391602 /* Main.storyboard */,
				871ACB901E1A6D5C00391602 /* Assets.xcassets */,
				871ACB921E1A6D5C00391602 /* LaunchScreen.storyboard */,
				871ACB951E1A6D5C00391602 /* Info.plist */,
				87256B8A1E2286B500CFC810 /* PlaySoundsViewController.swift */,
				879B04401E23B47200B4FF33 /* playsoundsviewcontroller-audio.swift */,
				8798C3621E2678FA00E4D7D2 /* FileListViewController.swift */,
			);
			name = Pitch_Perfect;
			path = "Pitch-Perfect";
			sourceTree = "<group>";
		};
/* End PBXGroup section */

/* Begin PBXNativeTarget section */
		871ACB851E1A6D5C00391602 /* Pitch-Perfect */ = {
			isa = PBXNativeTarget;
			buildConfigurationList = 871ACB981E1A6D5C00391602 /* Build configuration list for PBXNativeTarget "Pitch-Perfect" */;
			buildPhases = (
				871ACB821E1A6D5C00391602 /* Sources */,
				871ACB831E1A6D5C00391602 /* Frameworks */,
				871ACB841E1A6D5C00391602 /* Resources */,
			);
			buildRules = (
			);
			dependencies = (
			);
			name = "Pitch-Perfect";
			productName = Test02;
			productReference = 871ACB861E1A6D5C00391602 /* Pitch-Perfect.app */;
			productType = "com.apple.product-type.application";
		};
/* End PBXNativeTarget section */

/* Begin PBXProject section */
		871ACB7E1E1A6D5C00391602 /* Project object */ = {
			isa = PBXProject;
			attributes = {
				LastSwiftUpdateCheck = 0820;
				LastUpgradeCheck = 0820;
				ORGANIZATIONNAME = "doohwan Lee";
				TargetAttributes = {
					871ACB851E1A6D5C00391602 = {
						CreatedOnToolsVersion = 8.2.1;
						DevelopmentTeam = Q855XKQC3W;
						ProvisioningStyle = Automatic;
					};
				};
			};
			buildConfigurationList = 871ACB811E1A6D5C00391602 /* Build configuration list for PBXProject "Pitch-Perfect" */;
			compatibilityVersion = "Xcode 3.2";
			developmentRegion = English;
			hasScannedForEncodings = 0;
			knownRegions = (
				en,
				Base,
			);
			mainGroup = 871ACB7D1E1A6D5C00391602;
			productRefGroup = 871ACB871E1A6D5C00391602 /* Products */;
			projectDirPath = "";
			projectRoot = "";
			targets = (
				871ACB851E1A6D5C00391602 /* Pitch-Perfect */,
			);
		};
/* End PBXProject section */

/* Begin PBXResourcesBuildPhase section */
		871ACB841E1A6D5C00391602 /* Resources */ = {
			isa = PBXResourcesBuildPhase;
			buildActionMask = 2147483647;
			files = (
				871ACB941E1A6D5C00391602 /* LaunchScreen.storyboard in Resources */,
				871ACB911E1A6D5C00391602 /* Assets.xcassets in Resources */,
				871ACB8F1E1A6D5C00391602 /* Main.storyboard in Resources */,
			);
			runOnlyForDeploymentPostprocessing = 0;
		};
/* End PBXResourcesBuildPhase section */

/* Begin PBXSourcesBuildPhase section */
		871ACB821E1A6D5C00391602 /* Sources */ = {
			isa = PBXSourcesBuildPhase;
			buildActionMask = 2147483647;
			files = (
				871ACB8C1E1A6D5C00391602 /* RecordSoundsViewController.swift in Sources */,
				87256B8B1E2286B500CFC810 /* PlaySoundsViewController.swift in Sources */,
				8798C3631E2678FA00E4D7D2 /* FileListViewController.swift in Sources */,
				871ACB8A1E1A6D5C00391602 /* AppDelegate.swift in Sources */,
				879B04411E23B47200B4FF33 /* playsoundsviewcontroller-audio.swift in Sources */,
			);
			runOnlyForDeploymentPostprocessing = 0;
		};
/* End PBXSourcesBuildPhase section */

/* Begin PBXVariantGroup section */
		871ACB8D1E1A6D5C00391602 /* Main.storyboard */ = {
			isa = PBXVariantGroup;
			children = (
				871ACB8E1E1A6D5C00391602 /* Base */,
			);
			name = Main.storyboard;
			sourceTree = "<group>";
		};
		871ACB921E1A6D5C00391602 /* LaunchScreen.storyboard */ = {
			isa = PBXVariantGroup;
			children = (
				871ACB931E1A6D5C00391602 /* Base */,
			);
			name = LaunchScreen.storyboard;
			sourceTree = "<group>";
		};
/* End PBXVariantGroup section */

/* Begin XCBuildConfiguration section */
		871ACB961E1A6D5C00391602 /* Debug */ = {
			isa = XCBuildConfiguration;
			buildSettings = {
				ALWAYS_SEARCH_USER_PATHS = NO;
				CLANG_ANALYZER_NONNULL = YES;
				CLANG_CXX_LANGUAGE_STANDARD = "gnu++0x";
				CLANG_CXX_LIBRARY = "libc++";
				CLANG_ENABLE_MODULES = YES;
				CLANG_ENABLE_OBJC_ARC = YES;
				CLANG_WARN_BOOL_CONVERSION = YES;
				CLANG_WARN_CONSTANT_CONVERSION = YES;
				CLANG_WARN_DIRECT_OBJC_ISA_USAGE = YES_ERROR;
				CLANG_WARN_DOCUMENTATION_COMMENTS = YES;
				CLANG_WARN_EMPTY_BODY = YES;
				CLANG_WARN_ENUM_CONVERSION = YES;
				CLANG_WARN_INFINITE_RECURSION = YES;
				CLANG_WARN_INT_CONVERSION = YES;
				CLANG_WARN_OBJC_ROOT_CLASS = YES_ERROR;
				CLANG_WARN_SUSPICIOUS_MOVE = YES;
				CLANG_WARN_UNREACHABLE_CODE = YES;
				CLANG_WARN__DUPLICATE_METHOD_MATCH = YES;
				CODE_SIGN_IDENTITY = "";
				"CODE_SIGN_IDENTITY[sdk=iphoneos*]" = "iPhone Developer: enghks1414@naver.com (QNBHFJ75QN)";
				COPY_PHASE_STRIP = NO;
				DEBUG_INFORMATION_FORMAT = dwarf;
				ENABLE_STRICT_OBJC_MSGSEND = YES;
				ENABLE_TESTABILITY = YES;
				GCC_C_LANGUAGE_STANDARD = gnu99;
				GCC_DYNAMIC_NO_PIC = NO;
				GCC_NO_COMMON_BLOCKS = YES;
				GCC_OPTIMIZATION_LEVEL = 0;
				GCC_PREPROCESSOR_DEFINITIONS = (
					"DEBUG=1",
					"$(inherited)",
				);
				GCC_WARN_64_TO_32_BIT_CONVERSION = YES;
				GCC_WARN_ABOUT_RETURN_TYPE = YES_ERROR;
				GCC_WARN_UNDECLARED_SELECTOR = YES;
				GCC_WARN_UNINITIALIZED_AUTOS = YES_AGGRESSIVE;
				GCC_WARN_UNUSED_FUNCTION = YES;
				GCC_WARN_UNUSED_VARIABLE = YES;
				IPHONEOS_DEPLOYMENT_TARGET = 10.2;
				MTL_ENABLE_DEBUG_INFO = YES;
				ONLY_ACTIVE_ARCH = YES;
				SDKROOT = iphoneos10.2;
				SWIFT_ACTIVE_COMPILATION_CONDITIONS = DEBUG;
				SWIFT_OPTIMIZATION_LEVEL = "-Onone";
				TARGETED_DEVICE_FAMILY = "1,2";
			};
			name = Debug;
		};
		871ACB971E1A6D5C00391602 /* Release */ = {
			isa = XCBuildConfiguration;
			buildSettings = {
				ALWAYS_SEARCH_USER_PATHS = NO;
				CLANG_ANALYZER_NONNULL = YES;
				CLANG_CXX_LANGUAGE_STANDARD = "gnu++0x";
				CLANG_CXX_LIBRARY = "libc++";
				CLANG_ENABLE_MODULES = YES;
				CLANG_ENABLE_OBJC_ARC = YES;
				CLANG_WARN_BOOL_CONVERSION = YES;
				CLANG_WARN_CONSTANT_CONVERSION = YES;
				CLANG_WARN_DIRECT_OBJC_ISA_USAGE = YES_ERROR;
				CLANG_WARN_DOCUMENTATION_COMMENTS = YES;
				CLANG_WARN_EMPTY_BODY = YES;
				CLANG_WARN_ENUM_CONVERSION = YES;
				CLANG_WARN_INFINITE_RECURSION = YES;
				CLANG_WARN_INT_CONVERSION = YES;
				CLANG_WARN_OBJC_ROOT_CLASS = YES_ERROR;
				CLANG_WARN_SUSPICIOUS_MOVE = YES;
				CLANG_WARN_UNREACHABLE_CODE = YES;
				CLANG_WARN__DUPLICATE_METHOD_MATCH = YES;
				CODE_SIGN_IDENTITY = "";
				"CODE_SIGN_IDENTITY[sdk=iphoneos*]" = "iPhone Developer: enghks1414@naver.com (QNBHFJ75QN)";
				COPY_PHASE_STRIP = NO;
				DEBUG_INFORMATION_FORMAT = "dwarf-with-dsym";
				ENABLE_NS_ASSERTIONS = NO;
				ENABLE_STRICT_OBJC_MSGSEND = YES;
				GCC_C_LANGUAGE_STANDARD = gnu99;
				GCC_NO_COMMON_BLOCKS = YES;
				GCC_WARN_64_TO_32_BIT_CONVERSION = YES;
				GCC_WARN_ABOUT_RETURN_TYPE = YES_ERROR;
				GCC_WARN_UNDECLARED_SELECTOR = YES;
				GCC_WARN_UNINITIALIZED_AUTOS = YES_AGGRESSIVE;
				GCC_WARN_UNUSED_FUNCTION = YES;
				GCC_WARN_UNUSED_VARIABLE = YES;
				IPHONEOS_DEPLOYMENT_TARGET = 10.2;
				MTL_ENABLE_DEBUG_INFO = NO;
				SDKROOT = iphoneos10.2;
				SWIFT_OPTIMIZATION_LEVEL = "-Owholemodule";
				TARGETED_DEVICE_FAMILY = "1,2";
				VALIDATE_PRODUCT = YES;
			};
			name = Release;
		};
		871ACB991E1A6D5C00391602 /* Debug */ = {
			isa = XCBuildConfiguration;
			buildSettings = {
				ASSETCATALOG_COMPILER_APPICON_NAME = AppIcon;
				"CODE_SIGN_IDENTITY[sdk=iphoneos*]" = "iPhone Developer";
				DEVELOPMENT_TEAM = Q855XKQC3W;
				INFOPLIST_FILE = "Pitch-Perfect/Info.plist";
				IPHONEOS_DEPLOYMENT_TARGET = 10.2;
				LD_RUNPATH_SEARCH_PATHS = "$(inherited) @executable_path/Frameworks";
				PRODUCT_BUNDLE_IDENTIFIER = "doo.hwan.Pitch-Perfect";
				PRODUCT_NAME = "$(TARGET_NAME)";
				SWIFT_VERSION = 3.0;
			};
			name = Debug;
		};
		871ACB9A1E1A6D5C00391602 /* Release */ = {
			isa = XCBuildConfiguration;
			buildSettings = {
				ASSETCATALOG_COMPILER_APPICON_NAME = AppIcon;
				"CODE_SIGN_IDENTITY[sdk=iphoneos*]" = "iPhone Developer";
				DEVELOPMENT_TEAM = Q855XKQC3W;
				INFOPLIST_FILE = "Pitch-Perfect/Info.plist";
				IPHONEOS_DEPLOYMENT_TARGET = 10.2;
				LD_RUNPATH_SEARCH_PATHS = "$(inherited) @executable_path/Frameworks";
				PRODUCT_BUNDLE_IDENTIFIER = "doo.hwan.Pitch-Perfect";
				PRODUCT_NAME = "$(TARGET_NAME)";
				SWIFT_VERSION = 3.0;
			};
			name = Release;
		};
/* End XCBuildConfiguration section */

/* Begin XCConfigurationList section */
		871ACB811E1A6D5C00391602 /* Build configuration list for PBXProject "Pitch-Perfect" */ = {
			isa = XCConfigurationList;
			buildConfigurations = (
				871ACB961E1A6D5C00391602 /* Debug */,
				871ACB971E1A6D5C00391602 /* Release */,
			);
			defaultConfigurationIsVisible = 0;
			defaultConfigurationName = Release;
		};
		871ACB981E1A6D5C00391602 /* Build configuration list for PBXNativeTarget "Pitch-Perfect" */ = {
			isa = XCConfigurationList;
			buildConfigurations = (
				871ACB991E1A6D5C00391602 /* Debug */,
				871ACB9A1E1A6D5C00391602 /* Release */,
			);
			defaultConfigurationIsVisible = 0;
			defaultConfigurationName = Release;
		};
/* End XCConfigurationList section */
	};
	rootObject = 871ACB7E1E1A6D5C00391602 /* Project object */;
}
